
Microsoft Visual Studio Solution File, Format Version 12.00
# Visual Studio Version 16
VisualStudioVersion = 16.0.31205.134
MinimumVisualStudioVersion = 10.0.40219.1
Project("{FAE04EC0-301F-11D3-BF4B-00C04F79EFBC}") = "AngularTemplate.Web.API", "AngularTemplate.Web.API\AngularTemplate.Web.API.csproj", "{6B58B88B-65E5-4CBD-87CC-D1A542A340D3}"
EndProject
Global
	GlobalSection(SolutionConfigurationPlatforms) = preSolution
		Debug|Any CPU = Debug|Any CPU
		Production|Any CPU = Production|Any CPU
		Release|Any CPU = Release|Any CPU
		Test|Any CPU = Test|Any CPU
	EndGlobalSection
	GlobalSection(ProjectConfigurationPlatforms) = postSolution
		{6B58B88B-65E5-4CBD-87CC-D1A542A340D3}.Debug|Any CPU.ActiveCfg = Debug|Any CPU
		{6B58B88B-65E5-4CBD-87CC-D1A542A340D3}.Debug|Any CPU.Build.0 = Debug|Any CPU
		{6B58B88B-65E5-4CBD-87CC-D1A542A340D3}.Production|Any CPU.ActiveCfg = Production|Any CPU
		{6B58B88B-65E5-4CBD-87CC-D1A542A340D3}.Production|Any CPU.Build.0 = Production|Any CPU
		{6B58B88B-65E5-4CBD-87CC-D1A542A340D3}.Release|Any CPU.ActiveCfg = Release|Any CPU
		{6B58B88B-65E5-4CBD-87CC-D1A542A340D3}.Release|Any CPU.Build.0 = Release|Any CPU
		{6B58B88B-65E5-4CBD-87CC-D1A542A340D3}.Test|Any CPU.ActiveCfg = Test|Any CPU
		{6B58B88B-65E5-4CBD-87CC-D1A542A340D3}.Test|Any CPU.Build.0 = Test|Any CPU
	EndGlobalSection
	GlobalSection(SolutionProperties) = preSolution
		HideSolutionNode = FALSE
	EndGlobalSection
	GlobalSection(ExtensibilityGlobals) = postSolution
		SolutionGuid = {E20833A3-8C9D-4224-9E53-32AF7205A881}
	EndGlobalSection
EndGlobal
